// !$*UTF8*$!
{
	archiveVersion = 1;
	classes = {
	};
	objectVersion = 46;
	objects = {

/* Begin PBXBuildFile section */
		A03C0C371A4DF20000AFEE89 /* AppDelegate.swift in Sources */ = {isa = PBXBuildFile; fileRef = A03C0C361A4DF20000AFEE89 /* AppDelegate.swift */; };
		A03C0C391A4DF20000AFEE89 /* ViewController.swift in Sources */ = {isa = PBXBuildFile; fileRef = A03C0C381A4DF20000AFEE89 /* ViewController.swift */; };
		A03C0C3C1A4DF20000AFEE89 /* Main.storyboard in Resources */ = {isa = PBXBuildFile; fileRef = A03C0C3A1A4DF20000AFEE89 /* Main.storyboard */; };
		A03C0C3E1A4DF20000AFEE89 /* Images.xcassets in Resources */ = {isa = PBXBuildFile; fileRef = A03C0C3D1A4DF20000AFEE89 /* Images.xcassets */; };
		A03C0C411A4DF20000AFEE89 /* LaunchScreen.xib in Resources */ = {isa = PBXBuildFile; fileRef = A03C0C3F1A4DF20000AFEE89 /* LaunchScreen.xib */; };
		A03C0C4D1A4DF20000AFEE89 /* PostcardTests.swift in Sources */ = {isa = PBXBuildFile; fileRef = A03C0C4C1A4DF20000AFEE89 /* PostcardTests.swift */; };
		A03C0C571A4DF80C00AFEE89 /* SagradaFamilia.jpeg in Resources */ = {isa = PBXBuildFile; fileRef = A03C0C561A4DF80C00AFEE89 /* SagradaFamilia.jpeg */; };
		A03C0C591A4DF9F800AFEE89 /* AlbertEinsteinStamp.jpg in Resources */ = {isa = PBXBuildFile; fileRef = A03C0C581A4DF9F800AFEE89 /* AlbertEinsteinStamp.jpg */; };
/* End PBXBuildFile section */

/* Begin PBXContainerItemProxy section */
		A03C0C471A4DF20000AFEE89 /* PBXContainerItemProxy */ = {
			isa = PBXContainerItemProxy;
			containerPortal = A03C0C291A4DF20000AFEE89 /* Project object */;
			proxyType = 1;
			remoteGlobalIDString = A03C0C301A4DF20000AFEE89;
			remoteInfo = Postcard;
		};
/* End PBXContainerItemProxy section */

/* Begin PBXFileReference section */
		A03C0C311A4DF20000AFEE89 /* Postcard.app */ = {isa = PBXFileReference; explicitFileType = wrapper.application; includeInIndex = 0; path = Postcard.app; sourceTree = BUILT_PRODUCTS_DIR; };
		A03C0C351A4DF20000AFEE89 /* Info.plist */ = {isa = PBXFileReference; lastKnownFileType = text.plist.xml; path = Info.plist; sourceTree = "<group>"; };
		A03C0C361A4DF20000AFEE89 /* AppDelegate.swift */ = {isa = PBXFileReference; lastKnownFileType = sourcecode.swift; path = AppDelegate.swift; sourceTree = "<group>"; };
		A03C0C381A4DF20000AFEE89 /* ViewController.swift */ = {isa = PBXFileReference; lastKnownFileType = sourcecode.swift; path = ViewController.swift; sourceTree = "<group>"; };
		A03C0C3B1A4DF20000AFEE89 /* Base */ = {isa = PBXFileReference; lastKnownFileType = file.storyboard; name = Base; path = Base.lproj/Main.storyboard; sourceTree = "<group>"; };
		A03C0C3D1A4DF20000AFEE89 /* Images.xcassets */ = {isa = PBXFileReference; lastKnownFileType = folder.assetcatalog; path = Images.xcassets; sourceTree = "<group>"; };
		A03C0C401A4DF20000AFEE89 /* Base */ = {isa = PBXFileReference; lastKnownFileType = file.xib; name = Base; path = Base.lproj/LaunchScreen.xib; sourceTree = "<group>"; };
		A03C0C461A4DF20000AFEE89 /* PostcardTests.xctest */ = {isa = PBXFileReference; explicitFileType = wrapper.cfbundle; includeInIndex = 0; path = PostcardTests.xctest; sourceTree = BUILT_PRODUCTS_DIR; };
		A03C0C4B1A4DF20000AFEE89 /* Info.plist */ = {isa = PBXFileReference; lastKnownFileType = text.plist.xml; path = Info.plist; sourceTree = "<group>"; };
		A03C0C4C1A4DF20000AFEE89 /* PostcardTests.swift */ = {isa = PBXFileReference; lastKnownFileType = sourcecode.swift; path = PostcardTests.swift; sourceTree = "<group>"; };
		A03C0C561A4DF80C00AFEE89 /* SagradaFamilia.jpeg */ = {isa = PBXFileReference; lastKnownFileType = image.jpeg; path = SagradaFamilia.jpeg; sourceTree = "<group>"; };
		A03C0C581A4DF9F800AFEE89 /* AlbertEinsteinStamp.jpg */ = {isa = PBXFileReference; lastKnownFileType = image.jpeg; path = AlbertEinsteinStamp.jpg; sourceTree = "<group>"; };
/* End PBXFileReference section */

/* Begin PBXFrameworksBuildPhase section */
		A03C0C2E1A4DF20000AFEE89 /* Frameworks */ = {
			isa = PBXFrameworksBuildPhase;
			buildActionMask = 2147483647;
			files = (
			);
			runOnlyForDeploymentPostprocessing = 0;
		};
		A03C0C431A4DF20000AFEE89 /* Frameworks */ = {
			isa = PBXFrameworksBuildPhase;
			buildActionMask = 2147483647;
			files = (
			);
			runOnlyForDeploymentPostprocessing = 0;
		};
/* End PBXFrameworksBuildPhase section */

/* Begin PBXGroup section */
		A03C0C281A4DF20000AFEE89 = {
			isa = PBXGroup;
			children = (
				A03C0C331A4DF20000AFEE89 /* Postcard */,
				A03C0C491A4DF20000AFEE89 /* PostcardTests */,
				A03C0C321A4DF20000AFEE89 /* Products */,
			);
			sourceTree = "<group>";
		};
		A03C0C321A4DF20000AFEE89 /* Products */ = {
			isa = PBXGroup;
			children = (
				A03C0C311A4DF20000AFEE89 /* Postcard.app */,
				A03C0C461A4DF20000AFEE89 /* PostcardTests.xctest */,
			);
			name = Products;
			sourceTree = "<group>";
		};
		A03C0C331A4DF20000AFEE89 /* Postcard */ = {
			isa = PBXGroup;
			children = (
				A03C0C361A4DF20000AFEE89 /* AppDelegate.swift */,
				A03C0C381A4DF20000AFEE89 /* ViewController.swift */,
				A03C0C3A1A4DF20000AFEE89 /* Main.storyboard */,
				A03C0C3D1A4DF20000AFEE89 /* Images.xcassets */,
				A03C0C3F1A4DF20000AFEE89 /* LaunchScreen.xib */,
				A03C0C341A4DF20000AFEE89 /* Supporting Files */,
			);
			path = Postcard;
			sourceTree = "<group>";
		};
		A03C0C341A4DF20000AFEE89 /* Supporting Files */ = {
			isa = PBXGroup;
			children = (
				A03C0C581A4DF9F800AFEE89 /* AlbertEinsteinStamp.jpg */,
				A03C0C561A4DF80C00AFEE89 /* SagradaFamilia.jpeg */,
				A03C0C351A4DF20000AFEE89 /* Info.plist */,
			);
			name = "Supporting Files";
			sourceTree = "<group>";
		};
		A03C0C491A4DF20000AFEE89 /* PostcardTests */ = {
			isa = PBXGroup;
			children = (
				A03C0C4C1A4DF20000AFEE89 /* PostcardTests.swift */,
				A03C0C4A1A4DF20000AFEE89 /* Supporting Files */,
			);
			path = PostcardTests;
			sourceTree = "<group>";
		};
		A03C0C4A1A4DF20000AFEE89 /* Supporting Files */ = {
			isa = PBXGroup;
			children = (
				A03C0C4B1A4DF20000AFEE89 /* Info.plist */,
			);
			name = "Supporting Files";
			sourceTree = "<group>";
		};
/* End PBXGroup section */

/* Begin PBXNativeTarget section */
		A03C0C301A4DF20000AFEE89 /* Postcard */ = {
			isa = PBXNativeTarget;
			buildConfigurationList = A03C0C501A4DF20000AFEE89 /* Build configuration list for PBXNativeTarget "Postcard" */;
			buildPhases = (
				A03C0C2D1A4DF20000AFEE89 /* Sources */,
				A03C0C2E1A4DF20000AFEE89 /* Frameworks */,
				A03C0C2F1A4DF20000AFEE89 /* Resources */,
			);
			buildRules = (
			);
			dependencies = (
			);
			name = Postcard;
			productName = Postcard;
			productReference = A03C0C311A4DF20000AFEE89 /* Postcard.app */;
			productType = "com.apple.product-type.application";
		};
		A03C0C451A4DF20000AFEE89 /* PostcardTests */ = {
			isa = PBXNativeTarget;
			buildConfigurationList = A03C0C531A4DF20000AFEE89 /* Build configuration list for PBXNativeTarget "PostcardTests" */;
			buildPhases = (
				A03C0C421A4DF20000AFEE89 /* Sources */,
				A03C0C431A4DF20000AFEE89 /* Frameworks */,
				A03C0C441A4DF20000AFEE89 /* Resources */,
			);
			buildRules = (
			);
			dependencies = (
				A03C0C481A4DF20000AFEE89 /* PBXTargetDependency */,
			);
			name = PostcardTests;
			productName = PostcardTests;
			productReference = A03C0C461A4DF20000AFEE89 /* PostcardTests.xctest */;
			productType = "com.apple.product-type.bundle.unit-test";
		};
/* End PBXNativeTarget section */

/* Begin PBXProject section */
		A03C0C291A4DF20000AFEE89 /* Project object */ = {
			isa = PBXProject;
			attributes = {
				LastUpgradeCheck = 0610;
				ORGANIZATIONNAME = "Anvil Dataworks";
				TargetAttributes = {
					A03C0C301A4DF20000AFEE89 = {
						CreatedOnToolsVersion = 6.1.1;
					};
					A03C0C451A4DF20000AFEE89 = {
						CreatedOnToolsVersion = 6.1.1;
						TestTargetID = A03C0C301A4DF20000AFEE89;
					};
				};
			};
			buildConfigurationList = A03C0C2C1A4DF20000AFEE89 /* Build configuration list for PBXProject "Postcard" */;
			compatibilityVersion = "Xcode 3.2";
			developmentRegion = English;
			hasScannedForEncodings = 0;
			knownRegions = (
				en,
				Base,
			);
			mainGroup = A03C0C281A4DF20000AFEE89;
			productRefGroup = A03C0C321A4DF20000AFEE89 /* Products */;
			projectDirPath = "";
			projectRoot = "";
			targets = (
				A03C0C301A4DF20000AFEE89 /* Postcard */,
				A03C0C451A4DF20000AFEE89 /* PostcardTests */,
			);
		};
/* End PBXProject section */

/* Begin PBXResourcesBuildPhase section */
		A03C0C2F1A4DF20000AFEE89 /* Resources */ = {
			isa = PBXResourcesBuildPhase;
			buildActionMask = 2147483647;
			files = (
				A03C0C3C1A4DF20000AFEE89 /* Main.storyboard in Resources */,
				A03C0C571A4DF80C00AFEE89 /* SagradaFamilia.jpeg in Resources */,
				A03C0C591A4DF9F800AFEE89 /* AlbertEinsteinStamp.jpg in Resources */,
				A03C0C411A4DF20000AFEE89 /* LaunchScreen.xib in Resources */,
				A03C0C3E1A4DF20000AFEE89 /* Images.xcassets in Resources */,
			);
			runOnlyForDeploymentPostprocessing = 0;
		};
		A03C0C441A4DF20000AFEE89 /* Resources */ = {
			isa = PBXResourcesBuildPhase;
			buildActionMask = 2147483647;
			files = (
			);
			runOnlyForDeploymentPostprocessing = 0;
		};
/* End PBXResourcesBuildPhase section */

/* Begin PBXSourcesBuildPhase section */
		A03C0C2D1A4DF20000AFEE89 /* Sources */ = {
			isa = PBXSourcesBuildPhase;
			buildActionMask = 2147483647;
			files = (
				A03C0C391A4DF20000AFEE89 /* ViewController.swift in Sources */,
				A03C0C371A4DF20000AFEE89 /* AppDelegate.swift in Sources */,
			);
			runOnlyForDeploymentPostprocessing = 0;
		};
		A03C0C421A4DF20000AFEE89 /* Sources */ = {
			isa = PBXSourcesBuildPhase;
			buildActionMask = 2147483647;
			files = (
				A03C0C4D1A4DF20000AFEE89 /* PostcardTests.swift in Sources */,
			);
			runOnlyForDeploymentPostprocessing = 0;
		};
/* End PBXSourcesBuildPhase section */

/* Begin PBXTargetDependency section */
		A03C0C481A4DF20000AFEE89 /* PBXTargetDependency */ = {
			isa = PBXTargetDependency;
			target = A03C0C301A4DF20000AFEE89 /* Postcard */;
			targetProxy = A03C0C471A4DF20000AFEE89 /* PBXContainerItemProxy */;
		};
/* End PBXTargetDependency section */

/* Begin PBXVariantGroup section */
		A03C0C3A1A4DF20000AFEE89 /* Main.storyboard */ = {
			isa = PBXVariantGroup;
			children = (
				A03C0C3B1A4DF20000AFEE89 /* Base */,
			);
			name = Main.storyboard;
			sourceTree = "<group>";
		};
		A03C0C3F1A4DF20000AFEE89 /* LaunchScreen.xib */ = {
			isa = PBXVariantGroup;
			children = (
				A03C0C401A4DF20000AFEE89 /* Base */,
			);
			name = LaunchScreen.xib;
			sourceTree = "<group>";
		};
/* End PBXVariantGroup section */

/* Begin XCBuildConfiguration section */
		A03C0C4E1A4DF20000AFEE89 /* Debug */ = {
			isa = XCBuildConfiguration;
			buildSettings = {
				ALWAYS_SEARCH_USER_PATHS = NO;
				CLANG_CXX_LANGUAGE_STANDARD = "gnu++0x";
				CLANG_CXX_LIBRARY = "libc++";
				CLANG_ENABLE_MODULES = YES;
				CLANG_ENABLE_OBJC_ARC = YES;
				CLANG_WARN_BOOL_CONVERSION = YES;
				CLANG_WARN_CONSTANT_CONVERSION = YES;
				CLANG_WARN_DIRECT_OBJC_ISA_USAGE = YES_ERROR;
				CLANG_WARN_EMPTY_BODY = YES;
				CLANG_WARN_ENUM_CONVERSION = YES;
				CLANG_WARN_INT_CONVERSION = YES;
				CLANG_WARN_OBJC_ROOT_CLASS = YES_ERROR;
				CLANG_WARN_UNREACHABLE_CODE = YES;
				CLANG_WARN__DUPLICATE_METHOD_MATCH = YES;
				"CODE_SIGN_IDENTITY[sdk=iphoneos*]" = "iPhone Developer";
				COPY_PHASE_STRIP = NO;
				ENABLE_STRICT_OBJC_MSGSEND = YES;
				GCC_C_LANGUAGE_STANDARD = gnu99;
				GCC_DYNAMIC_NO_PIC = NO;
				GCC_OPTIMIZATION_LEVEL = 0;
				GCC_PREPROCESSOR_DEFINITIONS = (
					"DEBUG=1",
					"$(inherited)",
				);
				GCC_SYMBOLS_PRIVATE_EXTERN = NO;
				GCC_WARN_64_TO_32_BIT_CONVERSION = YES;
				GCC_WARN_ABOUT_RETURN_TYPE = YES_ERROR;
				GCC_WARN_UNDECLARED_SELECTOR = YES;
				GCC_WARN_UNINITIALIZED_AUTOS = YES_AGGRESSIVE;
				GCC_WARN_UNUSED_FUNCTION = YES;
				GCC_WARN_UNUSED_VARIABLE = YES;
				IPHONEOS_DEPLOYMENT_TARGET = 8.1;
				MTL_ENABLE_DEBUG_INFO = YES;
				ONLY_ACTIVE_ARCH = YES;
				SDKROOT = iphoneos;
				SWIFT_OPTIMIZATION_LEVEL = "-Onone";
				TARGETED_DEVICE_FAMILY = "1,2";
			};
			name = Debug;
		};
		A03C0C4F1A4DF20000AFEE89 /* Release */ = {
			isa = XCBuildConfiguration;
			buildSettings = {
				ALWAYS_SEARCH_USER_PATHS = NO;
				CLANG_CXX_LANGUAGE_STANDARD = "gnu++0x";
				CLANG_CXX_LIBRARY = "libc++";
				CLANG_ENABLE_MODULES = YES;
				CLANG_ENABLE_OBJC_ARC = YES;
				CLANG_WARN_BOOL_CONVERSION = YES;
				CLANG_WARN_CONSTANT_CONVERSION = YES;
				CLANG_WARN_DIRECT_OBJC_ISA_USAGE = YES_ERROR;
				CLANG_WARN_EMPTY_BODY = YES;
				CLANG_WARN_ENUM_CONVERSION = YES;
				CLANG_WARN_INT_CONVERSION = YES;
				CLANG_WARN_OBJC_ROOT_CLASS = YES_ERROR;
				CLANG_WARN_UNREACHABLE_CODE = YES;
				CLANG_WARN__DUPLICATE_METHOD_MATCH = YES;
				"CODE_SIGN_IDENTITY[sdk=iphoneos*]" = "iPhone Developer";
				COPY_PHASE_STRIP = YES;
				ENABLE_NS_ASSERTIONS = NO;
				ENABLE_STRICT_OBJC_MSGSEND = YES;
				GCC_C_LANGUAGE_STANDARD = gnu99;
				GCC_WARN_64_TO_32_BIT_CONVERSION = YES;
				GCC_WARN_ABOUT_RETURN_TYPE = YES_ERROR;
				GCC_WARN_UNDECLARED_SELECTOR = YES;
				GCC_WARN_UNINITIALIZED_AUTOS = YES_AGGRESSIVE;
				GCC_WARN_UNUSED_FUNCTION = YES;
				GCC_WARN_UNUSED_VARIABLE = YES;
				IPHONEOS_DEPLOYMENT_TARGET = 8.1;
				MTL_ENABLE_DEBUG_INFO = NO;
				SDKROOT = iphoneos;
				TARGETED_DEVICE_FAMILY = "1,2";
				VALIDATE_PRODUCT = YES;
			};
			name = Release;
		};
		A03C0C511A4DF20000AFEE89 /* Debug */ = {
			isa = XCBuildConfiguration;
			buildSettings = {
				ASSETCATALOG_COMPILER_APPICON_NAME = AppIcon;
				INFOPLIST_FILE = Postcard/Info.plist;
				LD_RUNPATH_SEARCH_PATHS = "$(inherited) @executable_path/Frameworks";
				PRODUCT_NAME = "$(TARGET_NAME)";
			};
			name = Debug;
		};
		A03C0C521A4DF20000AFEE89 /* Release */ = {
			isa = XCBuildConfiguration;
			buildSettings = {
				ASSETCATALOG_COMPILER_APPICON_NAME = AppIcon;
				INFOPLIST_FILE = Postcard/Info.plist;
				LD_RUNPATH_SEARCH_PATHS = "$(inherited) @executable_path/Frameworks";
				PRODUCT_NAME = "$(TARGET_NAME)";
			};
			name = Release;
		};
		A03C0C541A4DF20000AFEE89 /* Debug */ = {
			isa = XCBuildConfiguration;
			buildSettings = {
				BUNDLE_LOADER = "$(TEST_HOST)";
				FRAMEWORK_SEARCH_PATHS = (
					"$(SDKROOT)/Developer/Library/Frameworks",
					"$(inherited)",
				);
				GCC_PREPROCESSOR_DEFINITIONS = (
					"DEBUG=1",
					"$(inherited)",
				);
				INFOPLIST_FILE = PostcardTests/Info.plist;
				LD_RUNPATH_SEARCH_PATHS = "$(inherited) @executable_path/Frameworks @loader_path/Frameworks";
				PRODUCT_NAME = "$(TARGET_NAME)";
				TEST_HOST = "$(BUILT_PRODUCTS_DIR)/Postcard.app/Postcard";
			};
			name = Debug;
		};
		A03C0C551A4DF20000AFEE89 /* Release */ = {
			isa = XCBuildConfiguration;
			buildSettings = {
				BUNDLE_LOADER = "$(TEST_HOST)";
				FRAMEWORK_SEARCH_PATHS = (
					"$(SDKROOT)/Developer/Library/Frameworks",
					"$(inherited)",
				);
				INFOPLIST_FILE = PostcardTests/Info.plist;
				LD_RUNPATH_SEARCH_PATHS = "$(inherited) @executable_path/Frameworks @loader_path/Frameworks";
				PRODUCT_NAME = "$(TARGET_NAME)";
				TEST_HOST = "$(BUILT_PRODUCTS_DIR)/Postcard.app/Postcard";
			};
			name = Release;
		};
/* End XCBuildConfiguration section */

/* Begin XCConfigurationList section */
		A03C0C2C1A4DF20000AFEE89 /* Build configuration list for PBXProject "Postcard" */ = {
			isa = XCConfigurationList;
			buildConfigurations = (
				A03C0C4E1A4DF20000AFEE89 /* Debug */,
				A03C0C4F1A4DF20000AFEE89 /* Release */,
			);
			defaultConfigurationIsVisible = 0;
			defaultConfigurationName = Release;
		};
		A03C0C501A4DF20000AFEE89 /* Build configuration list for PBXNativeTarget "Postcard" */ = {
			isa = XCConfigurationList;
			buildConfigurations = (
				A03C0C511A4DF20000AFEE89 /* Debug */,
				A03C0C521A4DF20000AFEE89 /* Release */,
			);
			defaultConfigurationIsVisible = 0;
		};
		A03C0C531A4DF20000AFEE89 /* Build configuration list for PBXNativeTarget "PostcardTests" */ = {
			isa = XCConfigurationList;
			buildConfigurations = (
				A03C0C541A4DF20000AFEE89 /* Debug */,
				A03C0C551A4DF20000AFEE89 /* Release */,
			);
			defaultConfigurationIsVisible = 0;
		};
/* End XCConfigurationList section */
	};
	rootObject = A03C0C291A4DF20000AFEE89 /* Project object */;
}
